
Microsoft Visual Studio Solution File, Format Version 12.00
# Visual Studio Version 17
VisualStudioVersion = 17.5.002.0
MinimumVisualStudioVersion = 10.0.40219.1
Project("{9A19103F-16F7-4668-BE54-9A1E7A4F7556}") = "netapplication", "netapplication.csproj", "{DF9A42F1-A5DE-4C02-B915-66D4AADB5449}"
EndProject
Global
	GlobalSection(SolutionConfigurationPlatforms) = preSolution
		Debug|Any CPU = Debug|Any CPU
		Release|Any CPU = Release|Any CPU
	EndGlobalSection
	GlobalSection(ProjectConfigurationPlatforms) = postSolution
		{DF9A42F1-A5DE-4C02-B915-66D4AADB5449}.Debug|Any CPU.ActiveCfg = Debug|Any CPU
		{DF9A42F1-A5DE-4C02-B915-66D4AADB5449}.Debug|Any CPU.Build.0 = Debug|Any CPU
		{DF9A42F1-A5DE-4C02-B915-66D4AADB5449}.Release|Any CPU.ActiveCfg = Release|Any CPU
		{DF9A42F1-A5DE-4C02-B915-66D4AADB5449}.Release|Any CPU.Build.0 = Release|Any CPU
	EndGlobalSection
	GlobalSection(SolutionProperties) = preSolution
		HideSolutionNode = FALSE
	EndGlobalSection
	GlobalSection(ExtensibilityGlobals) = postSolution
		SolutionGuid = {A46646AA-9198-451A-B598-9039D0919019}
	EndGlobalSection
EndGlobal
